{
  "name": "nospoilers",
  "version": "0.1.0",
  "lockfileVersion": 3,
  "requires": true,
  "packages": {
    "": {
      "name": "nospoilers",
      "version": "0.1.0",
      "workspaces": [
        "apps/*",
        "packages/*",
        "services/*"
      ]
    },
    "apps/mobile": {
      "name": "@nospoilers/mobile",
      "version": "0.1.0",
      "dependencies": {
        "@nospoilers/auth": "0.1.0",
        "@nospoilers/types": "0.1.0",
        "@nospoilers/ui": "0.1.0"
      }
    },
    "apps/web": {
      "name": "@nospoilers/web",
      "version": "0.1.0",
      "dependencies": {
        "@nospoilers/auth": "0.1.0",
        "@nospoilers/types": "0.1.0",
        "@nospoilers/ui": "0.1.0"
      }
    },
    "node_modules/@nospoilers/auth": {
      "resolved": "services/auth",
      "link": true
    },
    "node_modules/@nospoilers/content": {
      "resolved": "services/content",
      "link": true
    },
    "node_modules/@nospoilers/mobile": {
      "resolved": "apps/mobile",
      "link": true
    },
    "node_modules/@nospoilers/types": {
      "resolved": "packages/types",
      "link": true
    },
    "node_modules/@nospoilers/ui": {
      "resolved": "packages/ui",
      "link": true
    },
    "node_modules/@nospoilers/web": {
      "resolved": "apps/web",
      "link": true
    },
    "packages/types": {
      "name": "@nospoilers/types",
      "version": "0.1.0"
    },
    "packages/ui": {
      "name": "@nospoilers/ui",
      "version": "0.1.0"
    },
    "services/auth": {
      "name": "@nospoilers/auth",
      "version": "0.1.0"
    },
    "services/content": {
      "name": "@nospoilers/content",
      "version": "0.1.0"
    }
  }
}
